Microsoft Visual Studio Solution File, Format Version 12.00
# Visual Studio Version 17
VisualStudioVersion = 17.5.2.0
MinimumVisualStudioVersion = 10.0.40219.1
Project("{FAE04EC0-301F-11D3-BF4B-00C04F79EFBC}") = "LendingSolution.API", "LendingSolution.API\LendingSolution.API.csproj", "{EC0DBFF2-26EF-A214-C396-1753C619397C}"
EndProject
Project("{FAE04EC0-301F-11D3-BF4B-00C04F79EFBC}") = "LendingSolution.Application", "LendingSolution.Application\LendingSolution.Application.csproj", "{BF72C827-4602-C3BF-AE95-95314BBA28E0}"
EndProject
Project("{FAE04EC0-301F-11D3-BF4B-00C04F79EFBC}") = "LendingSolution.Core", "LendingSolution.Core\LendingSolution.Core.csproj", "{7045B59F-84C5-2552-0043-9873062175E9}"
EndProject
Project("{FAE04EC0-301F-11D3-BF4B-00C04F79EFBC}") = "LendingSolution.Infrastructure", "LendingSolution.Infrastructure\LendingSolution.Infrastructure.csproj", "{944DB927-0C01-BABB-D005-C148DDEF9171}"
EndProject
Global
	GlobalSection(SolutionConfigurationPlatforms) = preSolution
		Debug|Any CPU = Debug|Any CPU
		Release|Any CPU = Release|Any CPU
	EndGlobalSection
	GlobalSection(ProjectConfigurationPlatforms) = postSolution
		{EC0DBFF2-26EF-A214-C396-1753C619397C}.Debug|Any CPU.ActiveCfg = Debug|Any CPU
		{EC0DBFF2-26EF-A214-C396-1753C619397C}.Debug|Any CPU.Build.0 = Debug|Any CPU
		{EC0DBFF2-26EF-A214-C396-1753C619397C}.Release|Any CPU.ActiveCfg = Release|Any CPU
		{EC0DBFF2-26EF-A214-C396-1753C619397C}.Release|Any CPU.Build.0 = Release|Any CPU
		{BF72C827-4602-C3BF-AE95-95314BBA28E0}.Debug|Any CPU.ActiveCfg = Debug|Any CPU
		{BF72C827-4602-C3BF-AE95-95314BBA28E0}.Debug|Any CPU.Build.0 = Debug|Any CPU
		{BF72C827-4602-C3BF-AE95-95314BBA28E0}.Release|Any CPU.ActiveCfg = Release|Any CPU
		{BF72C827-4602-C3BF-AE95-95314BBA28E0}.Release|Any CPU.Build.0 = Release|Any CPU
		{7045B59F-84C5-2552-0043-9873062175E9}.Debug|Any CPU.ActiveCfg = Debug|Any CPU
		{7045B59F-84C5-2552-0043-9873062175E9}.Debug|Any CPU.Build.0 = Debug|Any CPU
		{7045B59F-84C5-2552-0043-9873062175E9}.Release|Any CPU.ActiveCfg = Release|Any CPU
		{7045B59F-84C5-2552-0043-9873062175E9}.Release|Any CPU.Build.0 = Release|Any CPU
		{944DB927-0C01-BABB-D005-C148DDEF9171}.Debug|Any CPU.ActiveCfg = Debug|Any CPU
		{944DB927-0C01-BABB-D005-C148DDEF9171}.Debug|Any CPU.Build.0 = Debug|Any CPU
		{944DB927-0C01-BABB-D005-C148DDEF9171}.Release|Any CPU.ActiveCfg = Release|Any CPU
		{944DB927-0C01-BABB-D005-C148DDEF9171}.Release|Any CPU.Build.0 = Release|Any CPU
	EndGlobalSection
	GlobalSection(SolutionProperties) = preSolution
		HideSolutionNode = FALSE
	EndGlobalSection
	GlobalSection(ExtensibilityGlobals) = postSolution
		SolutionGuid = {B27B56B5-0A65-4A19-80B7-B1777DFBB3EB}
	EndGlobalSection
EndGlobal
